
Microsoft Visual Studio Solution File, Format Version 12.00
# Visual Studio 15
VisualStudioVersion = 15.0.26228.4
MinimumVisualStudioVersion = 10.0.40219.1
Project("{9A19103F-16F7-4668-BE54-9A1E7A4F7556}") = "SlackAPI", "SlackAPI\SlackAPI.csproj", "{7EED3D9B-9B7A-49A4-AFBF-599153A47DDA}"
EndProject
Project("{9A19103F-16F7-4668-BE54-9A1E7A4F7556}") = "SlackAPI.Tests", "SlackAPI.Tests\SlackAPI.Tests.csproj", "{DEFA9559-0F8F-4C38-9644-67A080EDC46D}"
EndProject
Global
	GlobalSection(SolutionConfigurationPlatforms) = preSolution
		Debug|Any CPU = Debug|Any CPU
		Release|Any CPU = Release|Any CPU
	EndGlobalSection
	GlobalSection(ProjectConfigurationPlatforms) = postSolution
		{7EED3D9B-9B7A-49A4-AFBF-599153A47DDA}.Debug|Any CPU.ActiveCfg = Debug|Any CPU
		{7EED3D9B-9B7A-49A4-AFBF-599153A47DDA}.Debug|Any CPU.Build.0 = Debug|Any CPU
		{7EED3D9B-9B7A-49A4-AFBF-599153A47DDA}.Release|Any CPU.ActiveCfg = Release|Any CPU
		{7EED3D9B-9B7A-49A4-AFBF-599153A47DDA}.Release|Any CPU.Build.0 = Release|Any CPU
		{DEFA9559-0F8F-4C38-9644-67A080EDC46D}.Debug|Any CPU.ActiveCfg = Debug|Any CPU
		{DEFA9559-0F8F-4C38-9644-67A080EDC46D}.Debug|Any CPU.Build.0 = Debug|Any CPU
		{DEFA9559-0F8F-4C38-9644-67A080EDC46D}.Release|Any CPU.ActiveCfg = Release|Any CPU
		{DEFA9559-0F8F-4C38-9644-67A080EDC46D}.Release|Any CPU.Build.0 = Release|Any CPU
	EndGlobalSection
	GlobalSection(SolutionProperties) = preSolution
		HideSolutionNode = FALSE
	EndGlobalSection
	GlobalSection(ExtensibilityGlobals) = postSolution
		SolutionGuid = {367D3666-0DC5-4B8A-832F-57279BE4DCB0}
	EndGlobalSection
EndGlobal
