
Microsoft Visual Studio Solution File, Format Version 12.00
# Visual Studio 2013
VisualStudioVersion = 12.0.21005.1
MinimumVisualStudioVersion = 10.0.40219.1
Project("{FAE04EC0-301F-11D3-BF4B-00C04F79EFBC}") = "SlackAPI", "SlackAPI.csproj", "{0C0A58A8-174E-4A4C-907B-C3569144D15D}"
EndProject
Global
	GlobalSection(SolutionConfigurationPlatforms) = preSolution
		Debug|Any CPU = Debug|Any CPU
		Release|Any CPU = Release|Any CPU
	EndGlobalSection
	GlobalSection(ProjectConfigurationPlatforms) = postSolution
		{0C0A58A8-174E-4A4C-907B-C3569144D15D}.Debug|Any CPU.ActiveCfg = Debug|Any CPU
		{0C0A58A8-174E-4A4C-907B-C3569144D15D}.Debug|Any CPU.Build.0 = Debug|Any CPU
		{0C0A58A8-174E-4A4C-907B-C3569144D15D}.Release|Any CPU.ActiveCfg = Release|Any CPU
		{0C0A58A8-174E-4A4C-907B-C3569144D15D}.Release|Any CPU.Build.0 = Release|Any CPU
	EndGlobalSection
	GlobalSection(SolutionProperties) = preSolution
		HideSolutionNode = FALSE
	EndGlobalSection
EndGlobal
